# @generated - this file is auto-generated by `mise lock` https://mise.jdx.dev/dev-tools/mise-lock.html

[[tools.go]]
version = "1.26.1"
backend = "core:go"

[tools.go."platforms.linux-arm64"]
checksum = "sha256:a290581cfe4fe28ddd737dde3095f3dbeb7f2e4065cab4eae44dfc53b760c2f7"
url = "https://dl.google.com/go/go1.26.1.linux-arm64.tar.gz"

[tools.go."platforms.linux-arm64-musl"]
checksum = "sha256:a290581cfe4fe28ddd737dde3095f3dbeb7f2e4065cab4eae44dfc53b760c2f7"
url = "https://dl.google.com/go/go1.26.1.linux-arm64.tar.gz"

[tools.go."platforms.linux-x64"]
checksum = "sha256:031f088e5d955bab8657ede27ad4e3bc5b7c1ba281f05f245bcc304f327c987a"
url = "https://dl.google.com/go/go1.26.1.linux-amd64.tar.gz"

[tools.go."platforms.linux-x64-musl"]
checksum = "sha256:031f088e5d955bab8657ede27ad4e3bc5b7c1ba281f05f245bcc304f327c987a"
url = "https://dl.google.com/go/go1.26.1.linux-amd64.tar.gz"

[tools.go."platforms.macos-arm64"]
checksum = "sha256:353df43a7811ce284c8938b5f3c7df40b7bfb6f56cb165b150bc40b5e2dd541f"
url = "https://dl.google.com/go/go1.26.1.darwin-arm64.tar.gz"

[tools.go."platforms.macos-x64"]
checksum = "sha256:65773dab2f8cc4cd23d93ba6d0a805de150ca0b78378879292be0b903b8cdd08"
url = "https://dl.google.com/go/go1.26.1.darwin-amd64.tar.gz"

[tools.go."platforms.windows-x64"]
checksum = "sha256:9b68112c913f45b7aebbf13c036721264bbba7e03a642f8f7490c561eebd1ecc"
url = "https://dl.google.com/go/go1.26.1.windows-amd64.zip"

[[tools."go:github.com/golangci/golangci-lint/v2/cmd/golangci-lint"]]
version = "2.10.1"
backend = "go:github.com/golangci/golangci-lint/v2/cmd/golangci-lint"

[[tools.prek]]
version = "0.3.6"
backend = "aqua:j178/prek"

[tools.prek."platforms.linux-arm64"]
checksum = "sha256:0cf6d013c981a56465757dc7ff0fd3a9ceace27d7f0a792f435d1be79b790236"
url = "https://github.com/j178/prek/releases/download/v0.3.6/prek-aarch64-unknown-linux-musl.tar.gz"

[tools.prek."platforms.linux-arm64-musl"]
checksum = "sha256:0cf6d013c981a56465757dc7ff0fd3a9ceace27d7f0a792f435d1be79b790236"
url = "https://github.com/j178/prek/releases/download/v0.3.6/prek-aarch64-unknown-linux-musl.tar.gz"

[tools.prek."platforms.linux-x64"]
checksum = "sha256:942564ccc9c342d317294fec7b7a77aa24ec71136e3439b15cddb62e49f76899"
url = "https://github.com/j178/prek/releases/download/v0.3.6/prek-x86_64-unknown-linux-musl.tar.gz"

[tools.prek."platforms.linux-x64-musl"]
checksum = "sha256:942564ccc9c342d317294fec7b7a77aa24ec71136e3439b15cddb62e49f76899"
url = "https://github.com/j178/prek/releases/download/v0.3.6/prek-x86_64-unknown-linux-musl.tar.gz"

[tools.prek."platforms.macos-arm64"]
checksum = "sha256:50535d4fb3a0fd05f137bbdae6f8ffde17615949bd282817e3aa5755dd8d8d4c"
url = "https://github.com/j178/prek/releases/download/v0.3.6/prek-aarch64-apple-darwin.tar.gz"

[tools.prek."platforms.macos-x64"]
checksum = "sha256:0ef3ec3dd4429a5d9e2ebe1b65b37319b5611be3d688a86813aa3004761c4db3"
url = "https://github.com/j178/prek/releases/download/v0.3.6/prek-x86_64-apple-darwin.tar.gz"

[tools.prek."platforms.windows-x64"]
checksum = "sha256:71d02992997e3fc7a3cf1877febf385bc299cdbe397d1b7b2e57f8bc3d0a14e8"
url = "https://github.com/j178/prek/releases/download/v0.3.6/prek-x86_64-pc-windows-msvc.zip"
